
Microsoft Visual Studio Solution File, Format Version 12.00
# Visual Studio Version 17
VisualStudioVersion = 17.14.36623.8 d17.14
MinimumVisualStudioVersion = 10.0.40219.1
Project("{FAE04EC0-301F-11D3-BF4B-00C04F79EFBC}") = "Hotel-Project-Smoke", "Hotel-Project-Smoke.csproj", "{F6318E17-04D5-4C72-871C-2C76E560C23E}"
EndProject
Global
	GlobalSection(SolutionConfigurationPlatforms) = preSolution
		Debug|Any CPU = Debug|Any CPU
		Release|Any CPU = Release|Any CPU
	EndGlobalSection
	GlobalSection(ProjectConfigurationPlatforms) = postSolution
		{F6318E17-04D5-4C72-871C-2C76E560C23E}.Debug|Any CPU.ActiveCfg = Debug|Any CPU
		{F6318E17-04D5-4C72-871C-2C76E560C23E}.Debug|Any CPU.Build.0 = Debug|Any CPU
		{F6318E17-04D5-4C72-871C-2C76E560C23E}.Release|Any CPU.ActiveCfg = Release|Any CPU
		{F6318E17-04D5-4C72-871C-2C76E560C23E}.Release|Any CPU.Build.0 = Release|Any CPU
	EndGlobalSection
	GlobalSection(SolutionProperties) = preSolution
		HideSolutionNode = FALSE
	EndGlobalSection
	GlobalSection(ExtensibilityGlobals) = postSolution
		SolutionGuid = {620A0A2D-1C80-4027-B11D-AEEF6C38AC58}
	EndGlobalSection
EndGlobal
