
Microsoft Visual Studio Solution File, Format Version 12.00
# Visual Studio Version 17
VisualStudioVersion = 17.14.36623.8
MinimumVisualStudioVersion = 10.0.40219.1
Project("{FAE04EC0-301F-11D3-BF4B-00C04F79EFBC}") = "Hotel.Api", "src\Hotel.Api\Hotel.Api.csproj", "{4CDC3FFD-D6A2-CF94-B474-92B78C1210B4}"
EndProject
Project("{FAE04EC0-301F-11D3-BF4B-00C04F79EFBC}") = "Hotel.Application", "src\Hotel.Application\Hotel.Application.csproj", "{5759F47D-7C5E-B1B7-8BB7-1765F29E17CF}"
EndProject
Project("{FAE04EC0-301F-11D3-BF4B-00C04F79EFBC}") = "Hotel.Infrastructure", "src\Hotel.Infrastructure\Hotel.Infrastructure.csproj", "{4F2381AA-BDE2-B2EA-7065-BD74CD796C82}"
EndProject
Global
	GlobalSection(SolutionConfigurationPlatforms) = preSolution
		Debug|Any CPU = Debug|Any CPU
		Release|Any CPU = Release|Any CPU
	EndGlobalSection
	GlobalSection(ProjectConfigurationPlatforms) = postSolution
		{4CDC3FFD-D6A2-CF94-B474-92B78C1210B4}.Debug|Any CPU.ActiveCfg = Debug|Any CPU
		{4CDC3FFD-D6A2-CF94-B474-92B78C1210B4}.Debug|Any CPU.Build.0 = Debug|Any CPU
		{4CDC3FFD-D6A2-CF94-B474-92B78C1210B4}.Release|Any CPU.ActiveCfg = Release|Any CPU
		{4CDC3FFD-D6A2-CF94-B474-92B78C1210B4}.Release|Any CPU.Build.0 = Release|Any CPU
		{5759F47D-7C5E-B1B7-8BB7-1765F29E17CF}.Debug|Any CPU.ActiveCfg = Debug|Any CPU
		{5759F47D-7C5E-B1B7-8BB7-1765F29E17CF}.Debug|Any CPU.Build.0 = Debug|Any CPU
		{5759F47D-7C5E-B1B7-8BB7-1765F29E17CF}.Release|Any CPU.ActiveCfg = Release|Any CPU
		{5759F47D-7C5E-B1B7-8BB7-1765F29E17CF}.Release|Any CPU.Build.0 = Release|Any CPU
		{4F2381AA-BDE2-B2EA-7065-BD74CD796C82}.Debug|Any CPU.ActiveCfg = Debug|Any CPU
		{4F2381AA-BDE2-B2EA-7065-BD74CD796C82}.Debug|Any CPU.Build.0 = Debug|Any CPU
		{4F2381AA-BDE2-B2EA-7065-BD74CD796C82}.Release|Any CPU.ActiveCfg = Release|Any CPU
		{4F2381AA-BDE2-B2EA-7065-BD74CD796C82}.Release|Any CPU.Build.0 = Release|Any CPU
	EndGlobalSection
	GlobalSection(SolutionProperties) = preSolution
		HideSolutionNode = FALSE
	EndGlobalSection
	GlobalSection(ExtensibilityGlobals) = postSolution
		SolutionGuid = {620A0A2D-1C80-4027-B11D-AEEF6C38AC58}
	EndGlobalSection
EndGlobal
